
Microsoft Visual Studio Solution File, Format Version 12.00
# Visual Studio Version 17
VisualStudioVersion = 17.2.32630.192
MinimumVisualStudioVersion = 10.0.40219.1
Project("{FAE04EC0-301F-11D3-BF4B-00C04F79EFBC}") = "Server", "NetzwerkDB\Server.csproj", "{6D00389D-3A1E-4DA4-B923-D1897549706A}"
EndProject
Project("{FAE04EC0-301F-11D3-BF4B-00C04F79EFBC}") = "Client", "Client\Client.csproj", "{6B029D6E-2CD6-48FC-A00C-35877F728AE4}"
EndProject
Global
	GlobalSection(SolutionConfigurationPlatforms) = preSolution
		Debug|Any CPU = Debug|Any CPU
		Release|Any CPU = Release|Any CPU
	EndGlobalSection
	GlobalSection(ProjectConfigurationPlatforms) = postSolution
		{6D00389D-3A1E-4DA4-B923-D1897549706A}.Debug|Any CPU.ActiveCfg = Debug|Any CPU
		{6D00389D-3A1E-4DA4-B923-D1897549706A}.Debug|Any CPU.Build.0 = Debug|Any CPU
		{6D00389D-3A1E-4DA4-B923-D1897549706A}.Release|Any CPU.ActiveCfg = Release|Any CPU
		{6D00389D-3A1E-4DA4-B923-D1897549706A}.Release|Any CPU.Build.0 = Release|Any CPU
		{6B029D6E-2CD6-48FC-A00C-35877F728AE4}.Debug|Any CPU.ActiveCfg = Debug|Any CPU
		{6B029D6E-2CD6-48FC-A00C-35877F728AE4}.Debug|Any CPU.Build.0 = Debug|Any CPU
		{6B029D6E-2CD6-48FC-A00C-35877F728AE4}.Release|Any CPU.ActiveCfg = Release|Any CPU
		{6B029D6E-2CD6-48FC-A00C-35877F728AE4}.Release|Any CPU.Build.0 = Release|Any CPU
	EndGlobalSection
	GlobalSection(SolutionProperties) = preSolution
		HideSolutionNode = FALSE
	EndGlobalSection
	GlobalSection(ExtensibilityGlobals) = postSolution
		SolutionGuid = {180F49A9-F4BA-4CAB-8250-29E65644D5D1}
	EndGlobalSection
EndGlobal
