
Microsoft Visual Studio Solution File, Format Version 12.00
# Visual Studio Version 17
VisualStudioVersion = 17.2.32630.192
MinimumVisualStudioVersion = 10.0.40219.1
Project("{FAE04EC0-301F-11D3-BF4B-00C04F79EFBC}") = "Server", "NetzwerkProtokoll\Server.csproj", "{F18A2FF9-E069-46A9-A59A-390AFD1275DB}"
EndProject
Project("{FAE04EC0-301F-11D3-BF4B-00C04F79EFBC}") = "Client", "Client\Client.csproj", "{597737C2-BA56-40FF-8FD8-0B3F6DCA7E01}"
EndProject
Global
	GlobalSection(SolutionConfigurationPlatforms) = preSolution
		Debug|Any CPU = Debug|Any CPU
		Release|Any CPU = Release|Any CPU
	EndGlobalSection
	GlobalSection(ProjectConfigurationPlatforms) = postSolution
		{F18A2FF9-E069-46A9-A59A-390AFD1275DB}.Debug|Any CPU.ActiveCfg = Debug|Any CPU
		{F18A2FF9-E069-46A9-A59A-390AFD1275DB}.Debug|Any CPU.Build.0 = Debug|Any CPU
		{F18A2FF9-E069-46A9-A59A-390AFD1275DB}.Release|Any CPU.ActiveCfg = Release|Any CPU
		{F18A2FF9-E069-46A9-A59A-390AFD1275DB}.Release|Any CPU.Build.0 = Release|Any CPU
		{597737C2-BA56-40FF-8FD8-0B3F6DCA7E01}.Debug|Any CPU.ActiveCfg = Debug|Any CPU
		{597737C2-BA56-40FF-8FD8-0B3F6DCA7E01}.Debug|Any CPU.Build.0 = Debug|Any CPU
		{597737C2-BA56-40FF-8FD8-0B3F6DCA7E01}.Release|Any CPU.ActiveCfg = Release|Any CPU
		{597737C2-BA56-40FF-8FD8-0B3F6DCA7E01}.Release|Any CPU.Build.0 = Release|Any CPU
	EndGlobalSection
	GlobalSection(SolutionProperties) = preSolution
		HideSolutionNode = FALSE
	EndGlobalSection
	GlobalSection(ExtensibilityGlobals) = postSolution
		SolutionGuid = {6D3B9EFD-0D0E-4BAF-B326-AF8AAAECAA8D}
	EndGlobalSection
EndGlobal
